
Microsoft Visual Studio Solution File, Format Version 12.00
# Visual Studio 2012
Project("{FAE04EC0-301F-11D3-BF4B-00C04F79EFBC}") = "Sponge", "Sponge\Sponge.csproj", "{2C6070D5-C8F5-4E79-83DB-6F6D90C0B60D}"
EndProject
Project("{FAE04EC0-301F-11D3-BF4B-00C04F79EFBC}") = "Sponge.Tests", "Sponge.Tests\Sponge.Tests.csproj", "{823EC131-CE39-44AA-9A75-53DB1854CEDD}"
EndProject
Project("{FAE04EC0-301F-11D3-BF4B-00C04F79EFBC}") = "Sponge.Common", "Sponge.Common\Sponge.Common.csproj", "{03EC5D38-1B92-43AD-B83A-6278F03EB896}"
EndProject
Project("{FAE04EC0-301F-11D3-BF4B-00C04F79EFBC}") = "Sponge.Common.Configuration", "Sponge.Common.Configuration\Sponge.Common.Configuration.csproj", "{485BD112-D876-4842-8801-FB0352219ED6}"
EndProject
Project("{FAE04EC0-301F-11D3-BF4B-00C04F79EFBC}") = "Sponge.Common.Logging", "Sponge.Common.Logging\Sponge.Common.Logging.csproj", "{8B8F4ACD-5E3B-49AD-AA3E-C7438D32DB80}"
EndProject
Global
	GlobalSection(SolutionConfigurationPlatforms) = preSolution
		Debug|Any CPU = Debug|Any CPU
		Release|Any CPU = Release|Any CPU
	EndGlobalSection
	GlobalSection(ProjectConfigurationPlatforms) = postSolution
		{2C6070D5-C8F5-4E79-83DB-6F6D90C0B60D}.Debug|Any CPU.ActiveCfg = Debug|Any CPU
		{2C6070D5-C8F5-4E79-83DB-6F6D90C0B60D}.Debug|Any CPU.Build.0 = Debug|Any CPU
		{2C6070D5-C8F5-4E79-83DB-6F6D90C0B60D}.Debug|Any CPU.Deploy.0 = Debug|Any CPU
		{2C6070D5-C8F5-4E79-83DB-6F6D90C0B60D}.Release|Any CPU.ActiveCfg = Release|Any CPU
		{2C6070D5-C8F5-4E79-83DB-6F6D90C0B60D}.Release|Any CPU.Build.0 = Release|Any CPU
		{2C6070D5-C8F5-4E79-83DB-6F6D90C0B60D}.Release|Any CPU.Deploy.0 = Release|Any CPU
		{823EC131-CE39-44AA-9A75-53DB1854CEDD}.Debug|Any CPU.ActiveCfg = Debug|Any CPU
		{823EC131-CE39-44AA-9A75-53DB1854CEDD}.Debug|Any CPU.Build.0 = Debug|Any CPU
		{823EC131-CE39-44AA-9A75-53DB1854CEDD}.Release|Any CPU.ActiveCfg = Release|Any CPU
		{823EC131-CE39-44AA-9A75-53DB1854CEDD}.Release|Any CPU.Build.0 = Release|Any CPU
		{03EC5D38-1B92-43AD-B83A-6278F03EB896}.Debug|Any CPU.ActiveCfg = Debug|Any CPU
		{03EC5D38-1B92-43AD-B83A-6278F03EB896}.Debug|Any CPU.Build.0 = Debug|Any CPU
		{03EC5D38-1B92-43AD-B83A-6278F03EB896}.Release|Any CPU.ActiveCfg = Release|Any CPU
		{03EC5D38-1B92-43AD-B83A-6278F03EB896}.Release|Any CPU.Build.0 = Release|Any CPU
		{485BD112-D876-4842-8801-FB0352219ED6}.Debug|Any CPU.ActiveCfg = Debug|Any CPU
		{485BD112-D876-4842-8801-FB0352219ED6}.Debug|Any CPU.Build.0 = Debug|Any CPU
		{485BD112-D876-4842-8801-FB0352219ED6}.Release|Any CPU.ActiveCfg = Release|Any CPU
		{485BD112-D876-4842-8801-FB0352219ED6}.Release|Any CPU.Build.0 = Release|Any CPU
		{8B8F4ACD-5E3B-49AD-AA3E-C7438D32DB80}.Debug|Any CPU.ActiveCfg = Debug|Any CPU
		{8B8F4ACD-5E3B-49AD-AA3E-C7438D32DB80}.Debug|Any CPU.Build.0 = Debug|Any CPU
		{8B8F4ACD-5E3B-49AD-AA3E-C7438D32DB80}.Release|Any CPU.ActiveCfg = Release|Any CPU
		{8B8F4ACD-5E3B-49AD-AA3E-C7438D32DB80}.Release|Any CPU.Build.0 = Release|Any CPU
	EndGlobalSection
	GlobalSection(SolutionProperties) = preSolution
		HideSolutionNode = FALSE
	EndGlobalSection
EndGlobal
